
Microsoft Visual Studio Solution File, Format Version 12.00
# Visual Studio Version 17
VisualStudioVersion = 17.4.33103.184
MinimumVisualStudioVersion = 10.0.40219.1
Project("{9A19103F-16F7-4668-BE54-9A1E7A4F7556}") = "Whetstone.TweetGPT.WebHookManager", "Whetstone.TweetGPT.WebHookManager\Whetstone.TweetGPT.WebHookManager.csproj", "{D665960C-8FB0-450B-9ECA-7D1FDDD9EB4D}"
EndProject
Project("{9A19103F-16F7-4668-BE54-9A1E7A4F7556}") = "Whetstone.TweetGPT.WebhookManager.Test", "Whetstone.TweetGPT.WebhookManager.Test\Whetstone.TweetGPT.WebhookManager.Test.csproj", "{C11DE374-E288-4B40-8897-4E3944DB09CF}"
EndProject
Project("{9A19103F-16F7-4668-BE54-9A1E7A4F7556}") = "Whetstone.TweetGPT.DirectMessageFunction", "Whetstone.TweetGPT.DirectMessageFunction\Whetstone.TweetGPT.DirectMessageFunction.csproj", "{0456E00B-A905-4146-8418-8F8C6A69DA71}"
EndProject
Project("{9A19103F-16F7-4668-BE54-9A1E7A4F7556}") = "Whetstone.WebhookCommander", "Whetstone.WebhookCommander\Whetstone.WebhookCommander.csproj", "{F2072FF8-E6DF-46EE-B890-B65F2D08B1F7}"
EndProject
Project("{2150E333-8FDC-42A3-9474-1A3956D46DE8}") = "Solution Items", "Solution Items", "{069E8DDF-0859-468C-A075-CB163C60FE0F}"
EndProject
Project("{9A19103F-16F7-4668-BE54-9A1E7A4F7556}") = "Whetstone.ChatGPT", "Whetstone.ChatGPT\Whetstone.ChatGPT.csproj", "{E163BFA7-E5FE-4155-8EC9-F63F1BD4792F}"
EndProject
Global
	GlobalSection(SolutionConfigurationPlatforms) = preSolution
		Debug|Any CPU = Debug|Any CPU
		Release|Any CPU = Release|Any CPU
	EndGlobalSection
	GlobalSection(ProjectConfigurationPlatforms) = postSolution
		{D665960C-8FB0-450B-9ECA-7D1FDDD9EB4D}.Debug|Any CPU.ActiveCfg = Debug|Any CPU
		{D665960C-8FB0-450B-9ECA-7D1FDDD9EB4D}.Debug|Any CPU.Build.0 = Debug|Any CPU
		{D665960C-8FB0-450B-9ECA-7D1FDDD9EB4D}.Release|Any CPU.ActiveCfg = Release|Any CPU
		{D665960C-8FB0-450B-9ECA-7D1FDDD9EB4D}.Release|Any CPU.Build.0 = Release|Any CPU
		{C11DE374-E288-4B40-8897-4E3944DB09CF}.Debug|Any CPU.ActiveCfg = Debug|Any CPU
		{C11DE374-E288-4B40-8897-4E3944DB09CF}.Debug|Any CPU.Build.0 = Debug|Any CPU
		{C11DE374-E288-4B40-8897-4E3944DB09CF}.Release|Any CPU.ActiveCfg = Release|Any CPU
		{C11DE374-E288-4B40-8897-4E3944DB09CF}.Release|Any CPU.Build.0 = Release|Any CPU
		{0456E00B-A905-4146-8418-8F8C6A69DA71}.Debug|Any CPU.ActiveCfg = Debug|Any CPU
		{0456E00B-A905-4146-8418-8F8C6A69DA71}.Debug|Any CPU.Build.0 = Debug|Any CPU
		{0456E00B-A905-4146-8418-8F8C6A69DA71}.Release|Any CPU.ActiveCfg = Release|Any CPU
		{0456E00B-A905-4146-8418-8F8C6A69DA71}.Release|Any CPU.Build.0 = Release|Any CPU
		{F2072FF8-E6DF-46EE-B890-B65F2D08B1F7}.Debug|Any CPU.ActiveCfg = Debug|Any CPU
		{F2072FF8-E6DF-46EE-B890-B65F2D08B1F7}.Debug|Any CPU.Build.0 = Debug|Any CPU
		{F2072FF8-E6DF-46EE-B890-B65F2D08B1F7}.Release|Any CPU.ActiveCfg = Release|Any CPU
		{F2072FF8-E6DF-46EE-B890-B65F2D08B1F7}.Release|Any CPU.Build.0 = Release|Any CPU
		{E163BFA7-E5FE-4155-8EC9-F63F1BD4792F}.Debug|Any CPU.ActiveCfg = Debug|Any CPU
		{E163BFA7-E5FE-4155-8EC9-F63F1BD4792F}.Debug|Any CPU.Build.0 = Debug|Any CPU
		{E163BFA7-E5FE-4155-8EC9-F63F1BD4792F}.Release|Any CPU.ActiveCfg = Release|Any CPU
		{E163BFA7-E5FE-4155-8EC9-F63F1BD4792F}.Release|Any CPU.Build.0 = Release|Any CPU
	EndGlobalSection
	GlobalSection(SolutionProperties) = preSolution
		HideSolutionNode = FALSE
	EndGlobalSection
	GlobalSection(ExtensibilityGlobals) = postSolution
		SolutionGuid = {0770FC85-633A-4988-B2E1-EC344D55FD44}
	EndGlobalSection
EndGlobal
